
Microsoft Visual Studio Solution File, Format Version 12.00
# Visual Studio Version 17
VisualStudioVersion = 17.5.33530.505
MinimumVisualStudioVersion = 10.0.40219.1
Project("{FAE04EC0-301F-11D3-BF4B-00C04F79EFBC}") = "EternaTemplate", "EternaTemplate\EternaTemplate.csproj", "{CBC5C38D-78A2-433B-AED0-1B7C2348C5FF}"
EndProject
Global
	GlobalSection(SolutionConfigurationPlatforms) = preSolution
		Debug|Any CPU = Debug|Any CPU
		Release|Any CPU = Release|Any CPU
	EndGlobalSection
	GlobalSection(ProjectConfigurationPlatforms) = postSolution
		{CBC5C38D-78A2-433B-AED0-1B7C2348C5FF}.Debug|Any CPU.ActiveCfg = Debug|Any CPU
		{CBC5C38D-78A2-433B-AED0-1B7C2348C5FF}.Debug|Any CPU.Build.0 = Debug|Any CPU
		{CBC5C38D-78A2-433B-AED0-1B7C2348C5FF}.Release|Any CPU.ActiveCfg = Release|Any CPU
		{CBC5C38D-78A2-433B-AED0-1B7C2348C5FF}.Release|Any CPU.Build.0 = Release|Any CPU
	EndGlobalSection
	GlobalSection(SolutionProperties) = preSolution
		HideSolutionNode = FALSE
	EndGlobalSection
	GlobalSection(ExtensibilityGlobals) = postSolution
		SolutionGuid = {DF260DFE-3003-4E69-B276-8A0FE25A36BF}
	EndGlobalSection
EndGlobal
